{
    "name": "FlowConfig",
    "version": "1.0.0",
    "lockfileVersion": 3,
    "requires": true,
    "packages": {
        "": {
            "name": "FlowConfig",
            "version": "1.0.0",
            "license": "ISC",
            "dependencies": {
                "mzfw": "^0.2.2"
            },
            "devDependencies": {
                "@zeppos/device-types": "^3.0.0",
                "tslib": "^2.8.1",
                "zosx": ">=0.8.1"
            }
        },
        "node_modules/@zeppos/device-types": {
            "version": "3.0.0",
            "resolved": "https://registry.npmjs.org/@zeppos/device-types/-/device-types-3.0.0.tgz",
            "integrity": "sha512-vFd880TxkAaSO2QmLBFIzS0zUXnwRDXlM4FZTdpOgotKpshokOwSTtzIeysf3TIMFSh/wFdbGkkYrUyRxR9w8Q==",
            "dev": true,
            "license": "ISC"
        },
        "node_modules/mzfw": {
            "version": "0.2.2",
            "resolved": "https://registry.npmjs.org/mzfw/-/mzfw-0.2.2.tgz",
            "integrity": "sha512-2pl2x4YtLi8u3Bo81Z5wztwqaVpmZm6rGWbtZATcWAuZc+fREaQED8nC6WJRNT7VmtWLgBlbKpA+e8frFsC4cg==",
            "license": "ISC",
            "dependencies": {
                "zosx": "^0.2.1"
            }
        },
        "node_modules/mzfw/node_modules/zosx": {
            "version": "0.2.4",
            "resolved": "https://registry.npmjs.org/zosx/-/zosx-0.2.4.tgz",
            "integrity": "sha512-t00q/NfhnlshagH+fgTb461/oflUkT//hs4A/Jrkn+7f3uIjm25zgcdxjgdEUHSwxnc9WxVfbK9M1q2Og1UB2Q==",
            "license": "Apache-2.0"
        },
        "node_modules/tslib": {
            "version": "2.8.1",
            "resolved": "https://registry.npmjs.org/tslib/-/tslib-2.8.1.tgz",
            "integrity": "sha512-oJFu94HQb+KVduSUQL7wnpmqnfmLsOA/nAh6b6EH0wCEoK0/mPeXU6c3wKDV83MkOuHPRHtSXKKU99IBazS/2w==",
            "dev": true,
            "license": "0BSD"
        },
        "node_modules/zosx": {
            "version": "0.8.1",
            "resolved": "https://registry.npmjs.org/zosx/-/zosx-0.8.1.tgz",
            "integrity": "sha512-YBWellzQTECGwSsX6bsFuYBvncNeWocD1oSqkPiGX9opY7RLzkjBRwibHSHKp0tER/8KrUvv7qGxdGwoxOoiTg==",
            "dev": true,
            "license": "Apache-2.0"
        }
    }
}
